
Microsoft Visual Studio Solution File, Format Version 12.00
# Visual Studio 2017
Project("{FAE04EC0-301F-11D3-BF4B-00C04F79EFBC}") = "Coin Collector (1)", "Coin Collector (1).csproj", "{35A90C81-54B7-DFE6-36C3-B31E0E3A6575}"
EndProject
Global
	GlobalSection(SolutionConfigurationPlatforms) = preSolution
		Debug|Any CPU = Debug|Any CPU
		Release|Any CPU = Release|Any CPU
	EndGlobalSection
	GlobalSection(ProjectConfigurationPlatforms) = postSolution
		{35A90C81-54B7-DFE6-36C3-B31E0E3A6575}.Debug|Any CPU.ActiveCfg = Debug|Any CPU
		{35A90C81-54B7-DFE6-36C3-B31E0E3A6575}.Debug|Any CPU.Build.0 = Debug|Any CPU
		{35A90C81-54B7-DFE6-36C3-B31E0E3A6575}.Release|Any CPU.ActiveCfg = Release|Any CPU
		{35A90C81-54B7-DFE6-36C3-B31E0E3A6575}.Release|Any CPU.Build.0 = Release|Any CPU
	EndGlobalSection
	GlobalSection(SolutionProperties) = preSolution
		HideSolutionNode = FALSE
	EndGlobalSection
EndGlobal
